
Microsoft Visual Studio Solution File, Format Version 12.00
# Visual Studio Version 16
VisualStudioVersion = 16.0.31410.357
MinimumVisualStudioVersion = 10.0.40219.1
Project("{9092AA53-FB77-4645-B42D-1CCCA6BD08BD}") = "LetsKiddo_NodeJS", "LetsKiddo_NodeJS.njsproj", "{98BF587A-CF29-475B-B712-0701867845CE}"
EndProject
Global
	GlobalSection(SolutionConfigurationPlatforms) = preSolution
		Debug|Any CPU = Debug|Any CPU
		Release|Any CPU = Release|Any CPU
	EndGlobalSection
	GlobalSection(ProjectConfigurationPlatforms) = postSolution
		{98BF587A-CF29-475B-B712-0701867845CE}.Debug|Any CPU.ActiveCfg = Debug|Any CPU
		{98BF587A-CF29-475B-B712-0701867845CE}.Debug|Any CPU.Build.0 = Debug|Any CPU
		{98BF587A-CF29-475B-B712-0701867845CE}.Release|Any CPU.ActiveCfg = Release|Any CPU
		{98BF587A-CF29-475B-B712-0701867845CE}.Release|Any CPU.Build.0 = Release|Any CPU
	EndGlobalSection
	GlobalSection(SolutionProperties) = preSolution
		HideSolutionNode = FALSE
	EndGlobalSection
	GlobalSection(ExtensibilityGlobals) = postSolution
		SolutionGuid = {8FEC3008-C017-4430-A776-862D019C3E77}
	EndGlobalSection
EndGlobal
